{"1.1.0",
[{<<"accept">>,{pkg,<<"accept">>,<<"0.3.5">>},2},
 {<<"cowboy">>,{pkg,<<"cowboy">>,<<"2.6.3">>},0},
 {<<"cowlib">>,{pkg,<<"cowlib">>,<<"2.7.3">>},1},
 {<<"epgsql">>,{pkg,<<"epgsql">>,<<"4.3.0">>},0},
 {<<"graphql">>,
  {git,"https://github.com/shopgun/graphql-erlang.git",
       {ref,"fc76a2df7d1ddcf8bcc3bb46363e7ca8fca80939"}},
  0},
 {<<"gun">>,{pkg,<<"gun">>,<<"1.3.0">>},0},
 {<<"iso8601">>,{pkg,<<"iso8601">>,<<"1.3.1">>},0},
 {<<"jsx">>,{pkg,<<"jsx">>,<<"2.10.0">>},0},
 {<<"mnesia_rocksdb">>,
  {git,"https://github.com/aeternity/mnesia_rocksdb.git",
       {ref,"ad8e7b63cad473558377ce4a1c89ba07f09c0b21"}},
  0},
 {<<"prometheus">>,{pkg,<<"prometheus">>,<<"4.4.1">>},0},
 {<<"prometheus_cowboy">>,{pkg,<<"prometheus_cowboy">>,<<"0.1.7">>},0},
 {<<"prometheus_httpd">>,{pkg,<<"prometheus_httpd">>,<<"2.1.11">>},1},
 {<<"proper">>,{pkg,<<"proper">>,<<"1.3.0">>},0},
 {<<"quickrand">>,{pkg,<<"quickrand">>,<<"1.7.5">>},1},
 {<<"ranch">>,{pkg,<<"ranch">>,<<"1.7.1">>},1},
 {<<"recon">>,{pkg,<<"recon">>,<<"2.5.0">>},0},
 {<<"rocksdb">>,{pkg,<<"rocksdb">>,<<"0.24.0">>},1},
 {<<"sext">>,{pkg,<<"sext">>,<<"1.4.1">>},1},
 {<<"urilib">>,
  {git,"https://github.com/shopgun/urilib.git",
       {ref,"2b93c1e80e03386bca5bfac582ab26fb7c0bac05"}},
  0},
 {<<"uuid">>,{pkg,<<"uuid_erl">>,<<"1.7.5">>},0}]}.
[
{pkg_hash,[
 {<<"accept">>, <<"B33B127ABCA7CC948BBE6CAA4C263369ABF1347CFA9D8E699C6D214660F10CD1">>},
 {<<"cowboy">>, <<"99AA50E94E685557CAD82E704457336A453D4ABCB77839AD22DBE71F311FCC06">>},
 {<<"cowlib">>, <<"A7FFCD0917E6D50B4D5FB28E9E2085A0CEB3C97DEA310505F7460FF5ED764CE9">>},
 {<<"epgsql">>, <<"26D9CF04D74773D1DC4DA24AD39E926B34E107232591FE1866EFDFBC0A098396">>},
 {<<"gun">>, <<"18E5D269649C987AF95AEC309F68A27FFC3930531DD227A6EAA0884D6684286E">>},
 {<<"iso8601">>, <<"D1CEE73F56D71C35590C6B2DB2074873BF410BABAAB768F6EA566366D8CA4810">>},
 {<<"jsx">>, <<"77760560D6AC2B8C51FD4C980E9E19B784016AA70BE354CE746472C33BEB0B1C">>},
 {<<"prometheus">>, <<"1E96073B3ED7788053768FEA779CBC896DDC3BDD9BA60687F2AD50B252AC87D6">>},
 {<<"prometheus_cowboy">>, <<"541E6D46E8C7B45F86ADB848D98C50E460CEE2CE4A83EFF21E2AD5A22BB5F2B2">>},
 {<<"prometheus_httpd">>, <<"F616ED9B85B536B195D94104063025A91F904A4CFC20255363F49A197D96C896">>},
 {<<"proper">>, <<"C1ACD51C51DA17A2FE91D7A6FC6A0C25A6A9849D8DC77093533109D1218D8457">>},
 {<<"quickrand">>, <<"E3086A153EB13A057FC19192D05E2D4C6BB2BDBB55746A699BEAE9847AC17CA8">>},
 {<<"ranch">>, <<"6B1FAB51B49196860B733A49C07604465A47BDB78AA10C1C16A3D199F7F8C881">>},
 {<<"recon">>, <<"2F7FCBEC2C35034BADE2F9717F77059DC54EB4E929A3049CA7BA6775C0BD66CD">>},
 {<<"rocksdb">>, <<"1FC862628B95A0D3AF05FAB709858AC1FA4199C0722BC4652236B0949304A04D">>},
 {<<"sext">>, <<"14559B219FAF11F9EBA7A350DFFC69C966C668439C54947A42D67167002798C4">>},
 {<<"uuid">>, <<"3862FF9A21C42566DFD0376B97512FA202922897129E09A05E2AFA0D9CAFD97A">>}]}
].
