%{
  "brod": {:hex, :brod, "3.14.0", "f959408e88acd0feca22f6a43ca26e70201c6e5c57dc74b87f08ef65a5e7fe18", [:rebar3], [{:kafka_protocol, "2.3.6", [hex: :kafka_protocol, repo: "hexpm", optional: false]}, {:supervisor3, "1.1.11", [hex: :supervisor3, repo: "hexpm", optional: false]}], "hexpm", "a0153437835b810d93e79c7000f55b0c4bd62c281a3224a2615f6aa72b52d484"},
  "bunt": {:hex, :bunt, "0.2.0", "951c6e801e8b1d2cbe58ebbd3e616a869061ddadcc4863d0a2182541acae9a38", [:mix], [], "hexpm", "7af5c7e09fe1d40f76c8e4f9dd2be7cebd83909f31fee7cd0e9eadc567da8353"},
  "cowboy": {:hex, :cowboy, "2.7.0", "91ed100138a764355f43316b1d23d7ff6bdb0de4ea618cb5d8677c93a7a2f115", [:rebar3], [{:cowlib, "~> 2.8.0", [hex: :cowlib, repo: "hexpm", optional: false]}, {:ranch, "~> 1.7.1", [hex: :ranch, repo: "hexpm", optional: false]}], "hexpm", "04fd8c6a39edc6aaa9c26123009200fc61f92a3a94f3178c527b70b767c6e605"},
  "cowlib": {:hex, :cowlib, "2.9.1", "61a6c7c50cf07fdd24b2f45b89500bb93b6686579b069a89f88cb211e1125c78", [:rebar3], [], "hexpm", "e4175dc240a70d996156160891e1c62238ede1729e45740bdd38064dad476170"},
  "cqerl": {:hex, :cqerl, "2.0.1", "c92929e885adc50cda1f11b73eb0121363e8418533312f8a44defb5f14853445", [:rebar3], [{:lz4, "~>0.2.4", [hex: :lz4_erl, repo: "hexpm", optional: false]}, {:re2, "1.9.5", [hex: :re2, repo: "hexpm", optional: false]}, {:semver, "~>0.0.1", [hex: :semver_erl, repo: "hexpm", optional: false]}, {:snappyer, "1.2.6", [hex: :snappyer, repo: "hexpm", optional: false]}, {:uuid, "~>2.0.0", [hex: :uuid_erl, repo: "hexpm", optional: false]}], "hexpm", "96e9ee407830508187a5edff9fc49983a7122b5c4127c640320a226b59ae12fe"},
  "cqex": {:hex, :cqex, "1.0.1", "bc9980ac3b82d039879f8d6ca589deab799fe08f80ff449d60ad709f2524718f", [:mix], [{:cqerl, "~> 2.0.1", [hex: :cqerl, repo: "hexpm", optional: false]}], "hexpm", "1bbf2079c044cbf0f747f60dcf0409a951eaa8f1a2447cd6d80d6ff1b7c4dc6b"},
  "crc32cer": {:hex, :crc32cer, "0.1.4", "a656dff19474d1a1fc5bb0081610ab6b0695b23affc47fa90abeb079a8ef9752", [:rebar3], [], "hexpm", "964735a5422cf65bbc5354860a560fff546f0026f83f8860525bd58ab5bade5d"},
  "credo": {:hex, :credo, "1.1.5", "caec7a3cadd2e58609d7ee25b3931b129e739e070539ad1a0cd7efeeb47014f4", [:mix], [{:bunt, "~> 0.2.0", [hex: :bunt, repo: "hexpm", optional: false]}, {:jason, "~> 1.0", [hex: :jason, repo: "hexpm", optional: false]}], "hexpm", "d0bbd3222607ccaaac5c0340f7f525c627ae4d7aee6c8c8c108922620c5b6446"},
  "dialyxir": {:hex, :dialyxir, "1.0.0", "6a1fa629f7881a9f5aaf3a78f094b2a51a0357c843871b8bc98824e7342d00a5", [:mix], [{:erlex, ">= 0.2.6", [hex: :erlex, repo: "hexpm", optional: false]}], "hexpm", "aeb06588145fac14ca08d8061a142d52753dbc2cf7f0d00fc1013f53f8654654"},
  "erlex": {:hex, :erlex, "0.2.6", "c7987d15e899c7a2f34f5420d2a2ea0d659682c06ac607572df55a43753aa12e", [:mix], [], "hexpm", "2ed2e25711feb44d52b17d2780eabf998452f6efda104877a3881c2f8c0c0c75"},
  "google_protos": {:hex, :google_protos, "0.1.0", "c6b9e12092d17571b093d4156d004494ca143b65dbbcbfc3ffff463ea03467c0", [:mix], [{:protobuf, "~> 0.5", [hex: :protobuf, repo: "hexpm", optional: false]}], "hexpm", "ff5564525f89d2638a4cfa9fb4d31e9ee9d9d7cb937b3e8a95f558440c039e1b"},
  "grpc": {:hex, :grpc, "0.5.0-beta.1", "7d43f52e138fe261f5b4981f1ada515dfc2e1bfa9dc92c7022e8f41e7e49b571", [:mix], [{:cowboy, "~> 2.7.0", [hex: :cowboy, repo: "hexpm", optional: false]}, {:gun, "~> 2.0.0", [hex: :grpc_gun, repo: "hexpm", optional: false]}, {:protobuf, "~> 0.5", [hex: :protobuf, repo: "hexpm", optional: false]}], "hexpm", "fbbf8872935c295b7575435fe4128372c23c6ded89c2ef8058af3c6167bb3f65"},
  "gun": {:hex, :grpc_gun, "2.0.0", "f99678a2ab975e74372a756c86ec30a8384d3ac8a8b86c7ed6243ef4e61d2729", [:rebar3], [{:cowlib, "~> 2.8.0", [hex: :cowlib, repo: "hexpm", optional: false]}], "hexpm", "03dbbca1a9c604a0267a40ea1d69986225091acb822de0b2dbea21d5815e410b"},
  "hex2bin": {:hex, :hex2bin, "1.0.0", "aac26eab998ae80eacee1c7607c629ab503ebf77a62b9242bae2b94d47dcb71e", [:rebar3], [], "hexpm", "e7012d1d9aadd26e680f0983d26fb8923707f05fac9688f19f530fa3795e716f"},
  "jason": {:hex, :jason, "1.2.1", "12b22825e22f468c02eb3e4b9985f3d0cb8dc40b9bd704730efa11abd2708c44", [:mix], [{:decimal, "~> 1.0", [hex: :decimal, repo: "hexpm", optional: true]}], "hexpm", "b659b8571deedf60f79c5a608e15414085fa141344e2716fbd6988a084b5f993"},
  "jiffy": {:hex, :jiffy, "1.0.5", "a69b58faf7123534c20e1b0b7ae97ac52079ca02ed4b6989b4b380179cd63a54", [:rebar3], [], "hexpm", "b617a53f46ae84f20d0c38951367dc947a2cf8cff922aa5c6ac6b64b8b052289"},
  "kafka_protocol": {:hex, :kafka_protocol, "2.3.6", "df076a8ef49fffae3535c805cb00f3a057ce1895e63398bf8a10569eeeac02f8", [:rebar, :rebar3], [{:crc32cer, "0.1.4", [hex: :crc32cer, repo: "hexpm", optional: false]}, {:snappyer, "1.2.5", [hex: :snappyer, repo: "hexpm", optional: false]}], "hexpm", "7cb061fe46babc7fd269d2c0e5b4dba5d1efc4f7dacce85b17a9cca973106b23"},
  "lz4": {:hex, :lz4_erl, "0.2.4", "fafc1fa39ed1d034893316852daebedd82f37df478446224ac096490be3b4a4d", [:rebar3], [], "hexpm", "e3eb9e2b5c1e4dab39db8fe0421e6fa10f9bf5843f20dab43518f8ab8e812517"},
  "opentelemetry": {:hex, :opentelemetry, "0.4.0", "293729f014009b03a1a2c47e6367db6f280b41412faa5639f06dcce9733d18a6", [:rebar3], [{:opentelemetry_api, "~> 0.3.1", [hex: :opentelemetry_api, repo: "hexpm", optional: false]}], "hexpm", "f0eb4281f26879147322b0a6f1c457c57f3f1c4121cbff1f6056e4c98b1647a7"},
  "opentelemetry_api": {:hex, :opentelemetry_api, "0.3.2", "b474cd21af5855a6dfff0912f26c7c40fbf1fd05b045d8e29fd53edeb4c3ec99", [:mix, :rebar3], [], "hexpm", "39b0ef74906e5d001ad244307337d168c594c2a05b67beaddad48ceaebfee352"},
  "opentelemetry_zipkin": {:hex, :opentelemetry_zipkin, "0.3.0", "b0db7cc2daec7693d57f50d8ab0c72a5376c2c351d85cab7d877a97fb13709c7", [:rebar3], [{:opentelemetry, "~>0.4.0", [hex: :opentelemetry, repo: "hexpm", optional: false]}, {:opentelemetry_api, "~>0.3.1", [hex: :opentelemetry_api, repo: "hexpm", optional: false]}], "hexpm", "c937a7e136e49820ca4107426fc8dc7d7f3a90f0fe3d7e357ae0ec07290fd287"},
  "protobuf": {:hex, :protobuf, "0.7.1", "7d1b9f7d9ecb32eccd96b0c58572de4d1c09e9e3bc414e4cb15c2dce7013f195", [:mix], [], "hexpm", "6eff7a5287963719521c82e5d5b4583fd1d7cdd89ad129f0ea7d503a50a4d13f"},
  "quickrand": {:hex, :quickrand, "2.0.0", "665c49881808da68a5c58ddeda16ea60b16be54dbb719b029eea5835fd12dae9", [:rebar3], [], "hexpm", "0344d02b40bc44b3e8e8a3dbd89a3b29e5690bc44811149ee704ac3a695a29e3"},
  "ranch": {:hex, :ranch, "1.7.1", "6b1fab51b49196860b733a49c07604465a47bdb78aa10c1c16a3d199f7f8c881", [:rebar3], [], "hexpm", "451d8527787df716d99dc36162fca05934915db0b6141bbdac2ea8d3c7afc7d7"},
  "re2": {:hex, :re2, "1.9.5", "3c419527fb2cc75eda1657f04dc7e8cea9864899b43ff6cc3250fa7525431e83", [:rebar3], [], "hexpm", "4861336271ac565224e79e133cbaf90af77739cda3fff25f6965b24a1146a4d6"},
  "semver": {:hex, :semver_erl, "0.0.1", "e1dc99fb20ff071b240a0280611faba93eeb9c2adfb02a15e20a06a9f13dfff4", [:rebar3], [], "hexpm", "adf1cb935eeb2472b4b7bb8116c678c1077ae4cd5bdfe90010b765aecce5753b"},
  "snappyer": {:hex, :snappyer, "1.2.6", "34181e3233f68a92044e176fe96e54fee7957acc2be554f0460d799c495166c2", [:rebar3], [], "hexpm", "d538d1e8892af09dc8b2771b2652c9d70f009cd1556246b3e22706df643f47b4"},
  "supervisor3": {:hex, :supervisor3, "1.1.11", "d81cdec31d102fde407423e1d05b569572850deebed86b951d5233c387cba80b", [:rebar3], [], "hexpm", "e6c2dedbcabcba24995a218aca12db5e208b80d3252692b22ef0f1a266104b50"},
  "uuid": {:hex, :uuid_erl, "2.0.0", "02c713fac0e73e5f366cba541216f1e956e2f00c91c7530d4b21dec7d3ada164", [:rebar3], [{:quickrand, "~> 2.0.0", [hex: :quickrand, repo: "hexpm", optional: false]}], "hexpm", "ce1c1ed1d786ba98f93204be66f93a797504993954141122fcc5fe59b5331367"},
  "uuid_erl": {:hex, :uuid_erl, "2.0.0", "02c713fac0e73e5f366cba541216f1e956e2f00c91c7530d4b21dec7d3ada164", [:rebar3], [{:quickrand, "~> 2.0.0", [hex: :quickrand, repo: "hexpm", optional: false]}], "hexpm", "ce1c1ed1d786ba98f93204be66f93a797504993954141122fcc5fe59b5331367"},
}
